
Microsoft Visual Studio Solution File, Format Version 12.00
# Visual Studio 15
VisualStudioVersion = 15.0.27703.2035
MinimumVisualStudioVersion = 10.0.40219.1
Project("{9A19103F-16F7-4668-BE54-9A1E7A4F7556}") = "ClassroomTrivia.LessonThree", "ClassroomTrivia.LessonThree\ClassroomTrivia.LessonThree.csproj", "{6919E56C-57AD-48B7-B00B-BC877829FB9C}"
EndProject
Global
	GlobalSection(SolutionConfigurationPlatforms) = preSolution
		Debug|Any CPU = Debug|Any CPU
		Release|Any CPU = Release|Any CPU
	EndGlobalSection
	GlobalSection(ProjectConfigurationPlatforms) = postSolution
		{6919E56C-57AD-48B7-B00B-BC877829FB9C}.Debug|Any CPU.ActiveCfg = Debug|Any CPU
		{6919E56C-57AD-48B7-B00B-BC877829FB9C}.Debug|Any CPU.Build.0 = Debug|Any CPU
		{6919E56C-57AD-48B7-B00B-BC877829FB9C}.Release|Any CPU.ActiveCfg = Release|Any CPU
		{6919E56C-57AD-48B7-B00B-BC877829FB9C}.Release|Any CPU.Build.0 = Release|Any CPU
	EndGlobalSection
	GlobalSection(SolutionProperties) = preSolution
		HideSolutionNode = FALSE
	EndGlobalSection
	GlobalSection(ExtensibilityGlobals) = postSolution
		SolutionGuid = {AAB9C88B-30BB-49A5-9FF5-5BC7ACF028D8}
	EndGlobalSection
EndGlobal
