
Microsoft Visual Studio Solution File, Format Version 12.00
# Visual Studio 15
VisualStudioVersion = 15.0.27703.2035
MinimumVisualStudioVersion = 10.0.40219.1
Project("{FAE04EC0-301F-11D3-BF4B-00C04F79EFBC}") = "ClassroomTrivia.LessonOne", "ClassroomTrivia.LessonOne\ClassroomTrivia.LessonOne.csproj", "{B7CB1722-C452-47F5-8198-C58F5BBDB4CD}"
EndProject
Global
	GlobalSection(SolutionConfigurationPlatforms) = preSolution
		Debug|Any CPU = Debug|Any CPU
		Release|Any CPU = Release|Any CPU
	EndGlobalSection
	GlobalSection(ProjectConfigurationPlatforms) = postSolution
		{B7CB1722-C452-47F5-8198-C58F5BBDB4CD}.Debug|Any CPU.ActiveCfg = Debug|Any CPU
		{B7CB1722-C452-47F5-8198-C58F5BBDB4CD}.Debug|Any CPU.Build.0 = Debug|Any CPU
		{B7CB1722-C452-47F5-8198-C58F5BBDB4CD}.Release|Any CPU.ActiveCfg = Release|Any CPU
		{B7CB1722-C452-47F5-8198-C58F5BBDB4CD}.Release|Any CPU.Build.0 = Release|Any CPU
	EndGlobalSection
	GlobalSection(SolutionProperties) = preSolution
		HideSolutionNode = FALSE
	EndGlobalSection
	GlobalSection(ExtensibilityGlobals) = postSolution
		SolutionGuid = {035F6310-E9F6-43C5-AC6F-23704FEF6CAE}
	EndGlobalSection
EndGlobal
